// !$*UTF8*$!
{
	archiveVersion = 1;
	classes = {
	};
	objectVersion = 50;
	objects = {

/* Begin PBXBuildFile section */
		9EED459C22CF87AE00AF8343 /* AppDelegate.m in Sources */ = {isa = PBXBuildFile; fileRef = 9EED459B22CF87AE00AF8343 /* AppDelegate.m */; };
		9EED459F22CF87AE00AF8343 /* ViewController.m in Sources */ = {isa = PBXBuildFile; fileRef = 9EED459E22CF87AE00AF8343 /* ViewController.m */; };
		9EED45A222CF87AF00AF8343 /* Main.storyboard in Resources */ = {isa = PBXBuildFile; fileRef = 9EED45A022CF87AF00AF8343 /* Main.storyboard */; };
		9EED45A522CF87AF00AF8343 /* Shell____.xcdatamodeld in Sources */ = {isa = PBXBuildFile; fileRef = 9EED45A322CF87AF00AF8343 /* Shell____.xcdatamodeld */; };
		9EED45A722CF87B000AF8343 /* Assets.xcassets in Resources */ = {isa = PBXBuildFile; fileRef = 9EED45A622CF87B000AF8343 /* Assets.xcassets */; };
		9EED45AA22CF87B000AF8343 /* LaunchScreen.storyboard in Resources */ = {isa = PBXBuildFile; fileRef = 9EED45A822CF87B000AF8343 /* LaunchScreen.storyboard */; };
		9EED45AD22CF87B000AF8343 /* main.m in Sources */ = {isa = PBXBuildFile; fileRef = 9EED45AC22CF87B000AF8343 /* main.m */; };
/* End PBXBuildFile section */

/* Begin PBXFileReference section */
		9EED459722CF87AE00AF8343 /* Shell自动打包.app */ = {isa = PBXFileReference; explicitFileType = wrapper.application; includeInIndex = 0; path = "Shell自动打包.app"; sourceTree = BUILT_PRODUCTS_DIR; };
		9EED459A22CF87AE00AF8343 /* AppDelegate.h */ = {isa = PBXFileReference; lastKnownFileType = sourcecode.c.h; path = AppDelegate.h; sourceTree = "<group>"; };
		9EED459B22CF87AE00AF8343 /* AppDelegate.m */ = {isa = PBXFileReference; lastKnownFileType = sourcecode.c.objc; path = AppDelegate.m; sourceTree = "<group>"; };
		9EED459D22CF87AE00AF8343 /* ViewController.h */ = {isa = PBXFileReference; lastKnownFileType = sourcecode.c.h; path = ViewController.h; sourceTree = "<group>"; };
		9EED459E22CF87AE00AF8343 /* ViewController.m */ = {isa = PBXFileReference; lastKnownFileType = sourcecode.c.objc; path = ViewController.m; sourceTree = "<group>"; };
		9EED45A122CF87AF00AF8343 /* Base */ = {isa = PBXFileReference; lastKnownFileType = file.storyboard; name = Base; path = Base.lproj/Main.storyboard; sourceTree = "<group>"; };
		9EED45A422CF87AF00AF8343 /* Shell____.xcdatamodel */ = {isa = PBXFileReference; lastKnownFileType = wrapper.xcdatamodel; path = "Shell____.xcdatamodel"; sourceTree = "<group>"; };
		9EED45A622CF87B000AF8343 /* Assets.xcassets */ = {isa = PBXFileReference; lastKnownFileType = folder.assetcatalog; path = Assets.xcassets; sourceTree = "<group>"; };
		9EED45A922CF87B000AF8343 /* Base */ = {isa = PBXFileReference; lastKnownFileType = file.storyboard; name = Base; path = Base.lproj/LaunchScreen.storyboard; sourceTree = "<group>"; };
		9EED45AB22CF87B000AF8343 /* Info.plist */ = {isa = PBXFileReference; lastKnownFileType = text.plist.xml; path = Info.plist; sourceTree = "<group>"; };
		9EED45AC22CF87B000AF8343 /* main.m */ = {isa = PBXFileReference; lastKnownFileType = sourcecode.c.objc; path = main.m; sourceTree = "<group>"; };
/* End PBXFileReference section */

/* Begin PBXFrameworksBuildPhase section */
		9EED459422CF87AE00AF8343 /* Frameworks */ = {
			isa = PBXFrameworksBuildPhase;
			buildActionMask = 2147483647;
			files = (
			);
			runOnlyForDeploymentPostprocessing = 0;
		};
/* End PBXFrameworksBuildPhase section */

/* Begin PBXGroup section */
		9EED458E22CF87AE00AF8343 = {
			isa = PBXGroup;
			children = (
				9EED459922CF87AE00AF8343 /* Shell自动打包 */,
				9EED459822CF87AE00AF8343 /* Products */,
			);
			sourceTree = "<group>";
		};
		9EED459822CF87AE00AF8343 /* Products */ = {
			isa = PBXGroup;
			children = (
				9EED459722CF87AE00AF8343 /* Shell自动打包.app */,
			);
			name = Products;
			sourceTree = "<group>";
		};
		9EED459922CF87AE00AF8343 /* Shell自动打包 */ = {
			isa = PBXGroup;
			children = (
				9EED459A22CF87AE00AF8343 /* AppDelegate.h */,
				9EED459B22CF87AE00AF8343 /* AppDelegate.m */,
				9EED459D22CF87AE00AF8343 /* ViewController.h */,
				9EED459E22CF87AE00AF8343 /* ViewController.m */,
				9EED45A022CF87AF00AF8343 /* Main.storyboard */,
				9EED45A622CF87B000AF8343 /* Assets.xcassets */,
				9EED45A822CF87B000AF8343 /* LaunchScreen.storyboard */,
				9EED45AB22CF87B000AF8343 /* Info.plist */,
				9EED45AC22CF87B000AF8343 /* main.m */,
				9EED45A322CF87AF00AF8343 /* Shell____.xcdatamodeld */,
			);
			path = "Shell自动打包";
			sourceTree = "<group>";
		};
/* End PBXGroup section */

/* Begin PBXNativeTarget section */
		9EED459622CF87AE00AF8343 /* Shell自动打包 */ = {
			isa = PBXNativeTarget;
			buildConfigurationList = 9EED45B022CF87B000AF8343 /* Build configuration list for PBXNativeTarget "Shell自动打包" */;
			buildPhases = (
				9EED459322CF87AE00AF8343 /* Sources */,
				9EED459422CF87AE00AF8343 /* Frameworks */,
				9EED459522CF87AE00AF8343 /* Resources */,
			);
			buildRules = (
			);
			dependencies = (
			);
			name = "Shell自动打包";
			productName = "Shell自动打包";
			productReference = 9EED459722CF87AE00AF8343 /* Shell自动打包.app */;
			productType = "com.apple.product-type.application";
		};
/* End PBXNativeTarget section */

/* Begin PBXProject section */
		9EED458F22CF87AE00AF8343 /* Project object */ = {
			isa = PBXProject;
			attributes = {
				LastUpgradeCheck = 1010;
				ORGANIZATIONNAME = ll;
				TargetAttributes = {
					9EED459622CF87AE00AF8343 = {
						CreatedOnToolsVersion = 10.1;
					};
				};
			};
			buildConfigurationList = 9EED459222CF87AE00AF8343 /* Build configuration list for PBXProject "Shell自动打包" */;
			compatibilityVersion = "Xcode 9.3";
			developmentRegion = en;
			hasScannedForEncodings = 0;
			knownRegions = (
				en,
				Base,
			);
			mainGroup = 9EED458E22CF87AE00AF8343;
			productRefGroup = 9EED459822CF87AE00AF8343 /* Products */;
			projectDirPath = "";
			projectRoot = "";
			targets = (
				9EED459622CF87AE00AF8343 /* Shell自动打包 */,
			);
		};
/* End PBXProject section */

/* Begin PBXResourcesBuildPhase section */
		9EED459522CF87AE00AF8343 /* Resources */ = {
			isa = PBXResourcesBuildPhase;
			buildActionMask = 2147483647;
			files = (
				9EED45AA22CF87B000AF8343 /* LaunchScreen.storyboard in Resources */,
				9EED45A722CF87B000AF8343 /* Assets.xcassets in Resources */,
				9EED45A222CF87AF00AF8343 /* Main.storyboard in Resources */,
			);
			runOnlyForDeploymentPostprocessing = 0;
		};
/* End PBXResourcesBuildPhase section */

/* Begin PBXSourcesBuildPhase section */
		9EED459322CF87AE00AF8343 /* Sources */ = {
			isa = PBXSourcesBuildPhase;
			buildActionMask = 2147483647;
			files = (
				9EED459F22CF87AE00AF8343 /* ViewController.m in Sources */,
				9EED45A522CF87AF00AF8343 /* Shell____.xcdatamodeld in Sources */,
				9EED45AD22CF87B000AF8343 /* main.m in Sources */,
				9EED459C22CF87AE00AF8343 /* AppDelegate.m in Sources */,
			);
			runOnlyForDeploymentPostprocessing = 0;
		};
/* End PBXSourcesBuildPhase section */

/* Begin PBXVariantGroup section */
		9EED45A022CF87AF00AF8343 /* Main.storyboard */ = {
			isa = PBXVariantGroup;
			children = (
				9EED45A122CF87AF00AF8343 /* Base */,
			);
			name = Main.storyboard;
			sourceTree = "<group>";
		};
		9EED45A822CF87B000AF8343 /* LaunchScreen.storyboard */ = {
			isa = PBXVariantGroup;
			children = (
				9EED45A922CF87B000AF8343 /* Base */,
			);
			name = LaunchScreen.storyboard;
			sourceTree = "<group>";
		};
/* End PBXVariantGroup section */

/* Begin XCBuildConfiguration section */
		9EED45AE22CF87B000AF8343 /* Debug */ = {
			isa = XCBuildConfiguration;
			buildSettings = {
				ALWAYS_SEARCH_USER_PATHS = NO;
				CLANG_ANALYZER_NONNULL = YES;
				CLANG_ANALYZER_NUMBER_OBJECT_CONVERSION = YES_AGGRESSIVE;
				CLANG_CXX_LANGUAGE_STANDARD = "gnu++14";
				CLANG_CXX_LIBRARY = "libc++";
				CLANG_ENABLE_MODULES = YES;
				CLANG_ENABLE_OBJC_ARC = YES;
				CLANG_ENABLE_OBJC_WEAK = YES;
				CLANG_WARN_BLOCK_CAPTURE_AUTORELEASING = YES;
				CLANG_WARN_BOOL_CONVERSION = YES;
				CLANG_WARN_COMMA = YES;
				CLANG_WARN_CONSTANT_CONVERSION = YES;
				CLANG_WARN_DEPRECATED_OBJC_IMPLEMENTATIONS = YES;
				CLANG_WARN_DIRECT_OBJC_ISA_USAGE = YES_ERROR;
				CLANG_WARN_DOCUMENTATION_COMMENTS = YES;
				CLANG_WARN_EMPTY_BODY = YES;
				CLANG_WARN_ENUM_CONVERSION = YES;
				CLANG_WARN_INFINITE_RECURSION = YES;
				CLANG_WARN_INT_CONVERSION = YES;
				CLANG_WARN_NON_LITERAL_NULL_CONVERSION = YES;
				CLANG_WARN_OBJC_IMPLICIT_RETAIN_SELF = YES;
				CLANG_WARN_OBJC_LITERAL_CONVERSION = YES;
				CLANG_WARN_OBJC_ROOT_CLASS = YES_ERROR;
				CLANG_WARN_RANGE_LOOP_ANALYSIS = YES;
				CLANG_WARN_STRICT_PROTOTYPES = YES;
				CLANG_WARN_SUSPICIOUS_MOVE = YES;
				CLANG_WARN_UNGUARDED_AVAILABILITY = YES_AGGRESSIVE;
				CLANG_WARN_UNREACHABLE_CODE = YES;
				CLANG_WARN__DUPLICATE_METHOD_MATCH = YES;
				CODE_SIGN_IDENTITY = "iPhone Developer";
				COPY_PHASE_STRIP = NO;
				DEBUG_INFORMATION_FORMAT = dwarf;
				ENABLE_STRICT_OBJC_MSGSEND = YES;
				ENABLE_TESTABILITY = YES;
				GCC_C_LANGUAGE_STANDARD = gnu11;
				GCC_DYNAMIC_NO_PIC = NO;
				GCC_NO_COMMON_BLOCKS = YES;
				GCC_OPTIMIZATION_LEVEL = 0;
				GCC_PREPROCESSOR_DEFINITIONS = (
					"DEBUG=1",
					"$(inherited)",
				);
				GCC_WARN_64_TO_32_BIT_CONVERSION = YES;
				GCC_WARN_ABOUT_RETURN_TYPE = YES_ERROR;
				GCC_WARN_UNDECLARED_SELECTOR = YES;
				GCC_WARN_UNINITIALIZED_AUTOS = YES_AGGRESSIVE;
				GCC_WARN_UNUSED_FUNCTION = YES;
				GCC_WARN_UNUSED_VARIABLE = YES;
				IPHONEOS_DEPLOYMENT_TARGET = 12.1;
				MTL_ENABLE_DEBUG_INFO = INCLUDE_SOURCE;
				MTL_FAST_MATH = YES;
				ONLY_ACTIVE_ARCH = YES;
				SDKROOT = iphoneos;
			};
			name = Debug;
		};
		9EED45AF22CF87B000AF8343 /* Release */ = {
			isa = XCBuildConfiguration;
			buildSettings = {
				ALWAYS_SEARCH_USER_PATHS = NO;
				CLANG_ANALYZER_NONNULL = YES;
				CLANG_ANALYZER_NUMBER_OBJECT_CONVERSION = YES_AGGRESSIVE;
				CLANG_CXX_LANGUAGE_STANDARD = "gnu++14";
				CLANG_CXX_LIBRARY = "libc++";
				CLANG_ENABLE_MODULES = YES;
				CLANG_ENABLE_OBJC_ARC = YES;
				CLANG_ENABLE_OBJC_WEAK = YES;
				CLANG_WARN_BLOCK_CAPTURE_AUTORELEASING = YES;
				CLANG_WARN_BOOL_CONVERSION = YES;
				CLANG_WARN_COMMA = YES;
				CLANG_WARN_CONSTANT_CONVERSION = YES;
				CLANG_WARN_DEPRECATED_OBJC_IMPLEMENTATIONS = YES;
				CLANG_WARN_DIRECT_OBJC_ISA_USAGE = YES_ERROR;
				CLANG_WARN_DOCUMENTATION_COMMENTS = YES;
				CLANG_WARN_EMPTY_BODY = YES;
				CLANG_WARN_ENUM_CONVERSION = YES;
				CLANG_WARN_INFINITE_RECURSION = YES;
				CLANG_WARN_INT_CONVERSION = YES;
				CLANG_WARN_NON_LITERAL_NULL_CONVERSION = YES;
				CLANG_WARN_OBJC_IMPLICIT_RETAIN_SELF = YES;
				CLANG_WARN_OBJC_LITERAL_CONVERSION = YES;
				CLANG_WARN_OBJC_ROOT_CLASS = YES_ERROR;
				CLANG_WARN_RANGE_LOOP_ANALYSIS = YES;
				CLANG_WARN_STRICT_PROTOTYPES = YES;
				CLANG_WARN_SUSPICIOUS_MOVE = YES;
				CLANG_WARN_UNGUARDED_AVAILABILITY = YES_AGGRESSIVE;
				CLANG_WARN_UNREACHABLE_CODE = YES;
				CLANG_WARN__DUPLICATE_METHOD_MATCH = YES;
				CODE_SIGN_IDENTITY = "iPhone Developer";
				COPY_PHASE_STRIP = NO;
				DEBUG_INFORMATION_FORMAT = "dwarf-with-dsym";
				ENABLE_NS_ASSERTIONS = NO;
				ENABLE_STRICT_OBJC_MSGSEND = YES;
				GCC_C_LANGUAGE_STANDARD = gnu11;
				GCC_NO_COMMON_BLOCKS = YES;
				GCC_WARN_64_TO_32_BIT_CONVERSION = YES;
				GCC_WARN_ABOUT_RETURN_TYPE = YES_ERROR;
				GCC_WARN_UNDECLARED_SELECTOR = YES;
				GCC_WARN_UNINITIALIZED_AUTOS = YES_AGGRESSIVE;
				GCC_WARN_UNUSED_FUNCTION = YES;
				GCC_WARN_UNUSED_VARIABLE = YES;
				IPHONEOS_DEPLOYMENT_TARGET = 12.1;
				MTL_ENABLE_DEBUG_INFO = NO;
				MTL_FAST_MATH = YES;
				SDKROOT = iphoneos;
				VALIDATE_PRODUCT = YES;
			};
			name = Release;
		};
		9EED45B122CF87B000AF8343 /* Debug */ = {
			isa = XCBuildConfiguration;
			buildSettings = {
				ASSETCATALOG_COMPILER_APPICON_NAME = AppIcon;
				CODE_SIGN_IDENTITY = "iPhone Developer: Zhou Wei (H56P2X35C5)";
				CODE_SIGN_STYLE = Manual;
				DEVELOPMENT_TEAM = DBQPW9E83Q;
				INFOPLIST_FILE = "Shell自动打包/Info.plist";
				LD_RUNPATH_SEARCH_PATHS = (
					"$(inherited)",
					"@executable_path/Frameworks",
				);
				PRODUCT_BUNDLE_IDENTIFIER = yanghuanid;
				PRODUCT_NAME = "$(TARGET_NAME)";
				PROVISIONING_PROFILE_SPECIFIER = YanghuanPP;
				TARGETED_DEVICE_FAMILY = "1,2";
			};
			name = Debug;
		};
		9EED45B222CF87B000AF8343 /* Release */ = {
			isa = XCBuildConfiguration;
			buildSettings = {
				ASSETCATALOG_COMPILER_APPICON_NAME = AppIcon;
				CODE_SIGN_IDENTITY = "iPhone Developer: Zhou Wei (H56P2X35C5)";
				CODE_SIGN_STYLE = Manual;
				DEVELOPMENT_TEAM = DBQPW9E83Q;
				INFOPLIST_FILE = "Shell自动打包/Info.plist";
				LD_RUNPATH_SEARCH_PATHS = (
					"$(inherited)",
					"@executable_path/Frameworks",
				);
				PRODUCT_BUNDLE_IDENTIFIER = yanghuanid;
				PRODUCT_NAME = "$(TARGET_NAME)";
				PROVISIONING_PROFILE_SPECIFIER = YanghuanPP;
				TARGETED_DEVICE_FAMILY = "1,2";
			};
			name = Release;
		};
/* End XCBuildConfiguration section */

/* Begin XCConfigurationList section */
		9EED459222CF87AE00AF8343 /* Build configuration list for PBXProject "Shell自动打包" */ = {
			isa = XCConfigurationList;
			buildConfigurations = (
				9EED45AE22CF87B000AF8343 /* Debug */,
				9EED45AF22CF87B000AF8343 /* Release */,
			);
			defaultConfigurationIsVisible = 0;
			defaultConfigurationName = Release;
		};
		9EED45B022CF87B000AF8343 /* Build configuration list for PBXNativeTarget "Shell自动打包" */ = {
			isa = XCConfigurationList;
			buildConfigurations = (
				9EED45B122CF87B000AF8343 /* Debug */,
				9EED45B222CF87B000AF8343 /* Release */,
			);
			defaultConfigurationIsVisible = 0;
			defaultConfigurationName = Release;
		};
/* End XCConfigurationList section */

/* Begin XCVersionGroup section */
		9EED45A322CF87AF00AF8343 /* Shell____.xcdatamodeld */ = {
			isa = XCVersionGroup;
			children = (
				9EED45A422CF87AF00AF8343 /* Shell____.xcdatamodel */,
			);
			currentVersion = 9EED45A422CF87AF00AF8343 /* Shell____.xcdatamodel */;
			path = "Shell____.xcdatamodeld";
			sourceTree = "<group>";
			versionGroupType = wrapper.xcdatamodel;
		};
/* End XCVersionGroup section */
	};
	rootObject = 9EED458F22CF87AE00AF8343 /* Project object */;
}
